
Microsoft Visual Studio Solution File, Format Version 12.00
# Visual Studio Version 16
VisualStudioVersion = 16.0.30011.22
MinimumVisualStudioVersion = 10.0.40219.1
Project("{9A19103F-16F7-4668-BE54-9A1E7A4F7556}") = "Sample.web", "Sample.web\Sample.web.csproj", "{BBC11B61-A647-4184-AFBB-C0F355D5A845}"
EndProject
Global
	GlobalSection(SolutionConfigurationPlatforms) = preSolution
		Debug|Any CPU = Debug|Any CPU
		Release|Any CPU = Release|Any CPU
	EndGlobalSection
	GlobalSection(ProjectConfigurationPlatforms) = postSolution
		{BBC11B61-A647-4184-AFBB-C0F355D5A845}.Debug|Any CPU.ActiveCfg = Debug|Any CPU
		{BBC11B61-A647-4184-AFBB-C0F355D5A845}.Debug|Any CPU.Build.0 = Debug|Any CPU
		{BBC11B61-A647-4184-AFBB-C0F355D5A845}.Release|Any CPU.ActiveCfg = Release|Any CPU
		{BBC11B61-A647-4184-AFBB-C0F355D5A845}.Release|Any CPU.Build.0 = Release|Any CPU
	EndGlobalSection
	GlobalSection(SolutionProperties) = preSolution
		HideSolutionNode = FALSE
	EndGlobalSection
	GlobalSection(ExtensibilityGlobals) = postSolution
		SolutionGuid = {2A8A88E0-4117-4E73-8D27-E5B6AC3ECC1E}
	EndGlobalSection
EndGlobal
